
Microsoft Visual Studio Solution File, Format Version 12.00
# Visual Studio Version 16
VisualStudioVersion = 16.0.28729.10
MinimumVisualStudioVersion = 10.0.40219.1
Project("{FAE04EC0-301F-11D3-BF4B-00C04F79EFBC}") = "NetMud.DataStructure", "NetMud.DataStructure\NetMud.DataStructure.csproj", "{88B7A648-FE23-4E88-9B60-AE17C8858AF4}"
EndProject
Project("{FAE04EC0-301F-11D3-BF4B-00C04F79EFBC}") = "NetMud.Utility", "NetMud.Utility\NetMud.Utility.csproj", "{9F3CAEC0-73DC-463C-8EF7-13B83BC8FB12}"
EndProject
Project("{FAE04EC0-301F-11D3-BF4B-00C04F79EFBC}") = "NetMud", "NetMud\NetMud.csproj", "{9593D1E5-E956-4F00-B946-F0C28F993976}"
EndProject
Project("{FAE04EC0-301F-11D3-BF4B-00C04F79EFBC}") = "NetMud.DataAccess", "NetMud.DataAccess\NetMud.DataAccess.csproj", "{25B53EF7-E51C-4EE5-A04C-DD8797CFF58F}"
EndProject
Project("{FAE04EC0-301F-11D3-BF4B-00C04F79EFBC}") = "NetMud.Data", "NetMud.Data\NetMud.Data.csproj", "{8B2CB5F6-65CA-4458-856B-6957E9309DBB}"
EndProject
Project("{FAE04EC0-301F-11D3-BF4B-00C04F79EFBC}") = "NetMud.Authentication", "NetMud.Authentication\NetMud.Authentication.csproj", "{DBC07A3D-3A1E-48C1-9A72-D115FF3E4349}"
EndProject
Project("{FAE04EC0-301F-11D3-BF4B-00C04F79EFBC}") = "NetMud.Backup", "NetMud.Backup\NetMud.Backup.csproj", "{D16EB03B-8DA6-49C3-8922-CD05AF30FD20}"
EndProject
Project("{FAE04EC0-301F-11D3-BF4B-00C04F79EFBC}") = "NetMud.CentralControl", "NetMud.CentralControl\NetMud.CentralControl.csproj", "{1E404CFB-4CED-42AD-B28E-BFEE270C88F9}"
EndProject
Project("{FAE04EC0-301F-11D3-BF4B-00C04F79EFBC}") = "NetMud.Gossip", "NetMud.Gossip\NetMud.Gossip.csproj", "{D98549E9-9D8C-46A7-83B2-9A4D68504F31}"
EndProject
Global
	GlobalSection(SolutionConfigurationPlatforms) = preSolution
		Debug|Any CPU = Debug|Any CPU
		Release|Any CPU = Release|Any CPU
	EndGlobalSection
	GlobalSection(ProjectConfigurationPlatforms) = postSolution
		{88B7A648-FE23-4E88-9B60-AE17C8858AF4}.Debug|Any CPU.ActiveCfg = Debug|Any CPU
		{88B7A648-FE23-4E88-9B60-AE17C8858AF4}.Debug|Any CPU.Build.0 = Debug|Any CPU
		{88B7A648-FE23-4E88-9B60-AE17C8858AF4}.Release|Any CPU.ActiveCfg = Release|Any CPU
		{88B7A648-FE23-4E88-9B60-AE17C8858AF4}.Release|Any CPU.Build.0 = Release|Any CPU
		{9F3CAEC0-73DC-463C-8EF7-13B83BC8FB12}.Debug|Any CPU.ActiveCfg = Debug|Any CPU
		{9F3CAEC0-73DC-463C-8EF7-13B83BC8FB12}.Debug|Any CPU.Build.0 = Debug|Any CPU
		{9F3CAEC0-73DC-463C-8EF7-13B83BC8FB12}.Release|Any CPU.ActiveCfg = Release|Any CPU
		{9F3CAEC0-73DC-463C-8EF7-13B83BC8FB12}.Release|Any CPU.Build.0 = Release|Any CPU
		{9593D1E5-E956-4F00-B946-F0C28F993976}.Debug|Any CPU.ActiveCfg = Debug|Any CPU
		{9593D1E5-E956-4F00-B946-F0C28F993976}.Debug|Any CPU.Build.0 = Debug|Any CPU
		{9593D1E5-E956-4F00-B946-F0C28F993976}.Release|Any CPU.ActiveCfg = Release|Any CPU
		{9593D1E5-E956-4F00-B946-F0C28F993976}.Release|Any CPU.Build.0 = Release|Any CPU
		{25B53EF7-E51C-4EE5-A04C-DD8797CFF58F}.Debug|Any CPU.ActiveCfg = Debug|Any CPU
		{25B53EF7-E51C-4EE5-A04C-DD8797CFF58F}.Debug|Any CPU.Build.0 = Debug|Any CPU
		{25B53EF7-E51C-4EE5-A04C-DD8797CFF58F}.Release|Any CPU.ActiveCfg = Release|Any CPU
		{25B53EF7-E51C-4EE5-A04C-DD8797CFF58F}.Release|Any CPU.Build.0 = Release|Any CPU
		{8B2CB5F6-65CA-4458-856B-6957E9309DBB}.Debug|Any CPU.ActiveCfg = Debug|Any CPU
		{8B2CB5F6-65CA-4458-856B-6957E9309DBB}.Debug|Any CPU.Build.0 = Debug|Any CPU
		{8B2CB5F6-65CA-4458-856B-6957E9309DBB}.Release|Any CPU.ActiveCfg = Release|Any CPU
		{8B2CB5F6-65CA-4458-856B-6957E9309DBB}.Release|Any CPU.Build.0 = Release|Any CPU
		{DBC07A3D-3A1E-48C1-9A72-D115FF3E4349}.Debug|Any CPU.ActiveCfg = Debug|Any CPU
		{DBC07A3D-3A1E-48C1-9A72-D115FF3E4349}.Debug|Any CPU.Build.0 = Debug|Any CPU
		{DBC07A3D-3A1E-48C1-9A72-D115FF3E4349}.Release|Any CPU.ActiveCfg = Release|Any CPU
		{DBC07A3D-3A1E-48C1-9A72-D115FF3E4349}.Release|Any CPU.Build.0 = Release|Any CPU
		{D16EB03B-8DA6-49C3-8922-CD05AF30FD20}.Debug|Any CPU.ActiveCfg = Debug|Any CPU
		{D16EB03B-8DA6-49C3-8922-CD05AF30FD20}.Debug|Any CPU.Build.0 = Debug|Any CPU
		{D16EB03B-8DA6-49C3-8922-CD05AF30FD20}.Release|Any CPU.ActiveCfg = Release|Any CPU
		{D16EB03B-8DA6-49C3-8922-CD05AF30FD20}.Release|Any CPU.Build.0 = Release|Any CPU
		{1E404CFB-4CED-42AD-B28E-BFEE270C88F9}.Debug|Any CPU.ActiveCfg = Debug|Any CPU
		{1E404CFB-4CED-42AD-B28E-BFEE270C88F9}.Debug|Any CPU.Build.0 = Debug|Any CPU
		{1E404CFB-4CED-42AD-B28E-BFEE270C88F9}.Release|Any CPU.ActiveCfg = Release|Any CPU
		{1E404CFB-4CED-42AD-B28E-BFEE270C88F9}.Release|Any CPU.Build.0 = Release|Any CPU
		{D98549E9-9D8C-46A7-83B2-9A4D68504F31}.Debug|Any CPU.ActiveCfg = Debug|Any CPU
		{D98549E9-9D8C-46A7-83B2-9A4D68504F31}.Debug|Any CPU.Build.0 = Debug|Any CPU
		{D98549E9-9D8C-46A7-83B2-9A4D68504F31}.Release|Any CPU.ActiveCfg = Release|Any CPU
		{D98549E9-9D8C-46A7-83B2-9A4D68504F31}.Release|Any CPU.Build.0 = Release|Any CPU
	EndGlobalSection
	GlobalSection(SolutionProperties) = preSolution
		HideSolutionNode = FALSE
	EndGlobalSection
	GlobalSection(ExtensibilityGlobals) = postSolution
		SolutionGuid = {1C1DAC5C-D2B1-4DD4-A453-DB6ED0D7349E}
	EndGlobalSection
EndGlobal
